
Microsoft Visual Studio Solution File, Format Version 12.00
# Visual Studio 15
VisualStudioVersion = 15.0.27130.2027
MinimumVisualStudioVersion = 10.0.40219.1
Project("{FAE04EC0-301F-11D3-BF4B-00C04F79EFBC}") = "LetsLearnReact", "LetsLearnReact\LetsLearnReact.csproj", "{BDF68709-D0DF-4804-BE07-6ED674D6566C}"
EndProject
Global
	GlobalSection(SolutionConfigurationPlatforms) = preSolution
		Debug|Any CPU = Debug|Any CPU
		Release|Any CPU = Release|Any CPU
	EndGlobalSection
	GlobalSection(ProjectConfigurationPlatforms) = postSolution
		{BDF68709-D0DF-4804-BE07-6ED674D6566C}.Debug|Any CPU.ActiveCfg = Debug|Any CPU
		{BDF68709-D0DF-4804-BE07-6ED674D6566C}.Debug|Any CPU.Build.0 = Debug|Any CPU
		{BDF68709-D0DF-4804-BE07-6ED674D6566C}.Release|Any CPU.ActiveCfg = Release|Any CPU
		{BDF68709-D0DF-4804-BE07-6ED674D6566C}.Release|Any CPU.Build.0 = Release|Any CPU
	EndGlobalSection
	GlobalSection(SolutionProperties) = preSolution
		HideSolutionNode = FALSE
	EndGlobalSection
	GlobalSection(ExtensibilityGlobals) = postSolution
		SolutionGuid = {CBE7526F-0758-4F96-9D3A-76748E9F6759}
	EndGlobalSection
EndGlobal
